
Microsoft Visual Studio Solution File, Format Version 12.00
# Visual Studio Version 17
VisualStudioVersion = 17.10.34928.147
MinimumVisualStudioVersion = 10.0.40219.1
Project("{9A19103F-16F7-4668-BE54-9A1E7A4F7556}") = "SmartConvert", "WinFormsApp1\SmartConvert.csproj", "{B9597075-02D3-4203-AC61-D2D597B42CB2}"
EndProject
Global
	GlobalSection(SolutionConfigurationPlatforms) = preSolution
		Debug|Any CPU = Debug|Any CPU
		Release|Any CPU = Release|Any CPU
	EndGlobalSection
	GlobalSection(ProjectConfigurationPlatforms) = postSolution
		{B9597075-02D3-4203-AC61-D2D597B42CB2}.Debug|Any CPU.ActiveCfg = Debug|Any CPU
		{B9597075-02D3-4203-AC61-D2D597B42CB2}.Debug|Any CPU.Build.0 = Debug|Any CPU
		{B9597075-02D3-4203-AC61-D2D597B42CB2}.Release|Any CPU.ActiveCfg = Release|Any CPU
		{B9597075-02D3-4203-AC61-D2D597B42CB2}.Release|Any CPU.Build.0 = Release|Any CPU
	EndGlobalSection
	GlobalSection(SolutionProperties) = preSolution
		HideSolutionNode = FALSE
	EndGlobalSection
	GlobalSection(ExtensibilityGlobals) = postSolution
		SolutionGuid = {8B69E508-0B5A-4F26-9123-FD5FC1D5AEFD}
	EndGlobalSection
EndGlobal
